// !$*UTF8*$!
{
	archiveVersion = 1;
	classes = {
	};
	objectVersion = 50;
	objects = {

/* Begin PBXBuildFile section */
		9227CC1E25022D4D004B04D2 /* MyPageViewController.swift in Sources */ = {isa = PBXBuildFile; fileRef = 9227CC1D25022D4D004B04D2 /* MyPageViewController.swift */; };
		9227CC2025022D5A004B04D2 /* MyCartViewController.swift in Sources */ = {isa = PBXBuildFile; fileRef = 9227CC1F25022D5A004B04D2 /* MyCartViewController.swift */; };
		923CEAE82500D9CD00BA8D37 /* AppDelegate.swift in Sources */ = {isa = PBXBuildFile; fileRef = 923CEAE72500D9CD00BA8D37 /* AppDelegate.swift */; };
		923CEAEA2500D9CD00BA8D37 /* SceneDelegate.swift in Sources */ = {isa = PBXBuildFile; fileRef = 923CEAE92500D9CD00BA8D37 /* SceneDelegate.swift */; };
		923CEAEC2500D9CD00BA8D37 /* ViewController.swift in Sources */ = {isa = PBXBuildFile; fileRef = 923CEAEB2500D9CD00BA8D37 /* ViewController.swift */; };
		923CEAEF2500D9CD00BA8D37 /* Main.storyboard in Resources */ = {isa = PBXBuildFile; fileRef = 923CEAED2500D9CD00BA8D37 /* Main.storyboard */; };
		923CEAF12500D9CF00BA8D37 /* Assets.xcassets in Resources */ = {isa = PBXBuildFile; fileRef = 923CEAF02500D9CF00BA8D37 /* Assets.xcassets */; };
		923CEAF42500D9CF00BA8D37 /* LaunchScreen.storyboard in Resources */ = {isa = PBXBuildFile; fileRef = 923CEAF22500D9CF00BA8D37 /* LaunchScreen.storyboard */; };
		923CEB032500DDEA00BA8D37 /* SWRevealViewController.m in Sources */ = {isa = PBXBuildFile; fileRef = 923CEB022500DDEA00BA8D37 /* SWRevealViewController.m */; };
		924EC3D42503188E00209DBD /* InfoViewController.swift in Sources */ = {isa = PBXBuildFile; fileRef = 924EC3D32503188E00209DBD /* InfoViewController.swift */; };
		924EC3D6250318A200209DBD /* ServiceCenterViewController.swift in Sources */ = {isa = PBXBuildFile; fileRef = 924EC3D5250318A200209DBD /* ServiceCenterViewController.swift */; };
		925283E525012F3600E92715 /* SideTableViewController.swift in Sources */ = {isa = PBXBuildFile; fileRef = 925283E425012F3600E92715 /* SideTableViewController.swift */; };
/* End PBXBuildFile section */

/* Begin PBXFileReference section */
		9227CC1D25022D4D004B04D2 /* MyPageViewController.swift */ = {isa = PBXFileReference; lastKnownFileType = sourcecode.swift; path = MyPageViewController.swift; sourceTree = "<group>"; };
		9227CC1F25022D5A004B04D2 /* MyCartViewController.swift */ = {isa = PBXFileReference; lastKnownFileType = sourcecode.swift; path = MyCartViewController.swift; sourceTree = "<group>"; };
		923CEAE42500D9CD00BA8D37 /* seafood.app */ = {isa = PBXFileReference; explicitFileType = wrapper.application; includeInIndex = 0; path = seafood.app; sourceTree = BUILT_PRODUCTS_DIR; };
		923CEAE72500D9CD00BA8D37 /* AppDelegate.swift */ = {isa = PBXFileReference; lastKnownFileType = sourcecode.swift; path = AppDelegate.swift; sourceTree = "<group>"; };
		923CEAE92500D9CD00BA8D37 /* SceneDelegate.swift */ = {isa = PBXFileReference; lastKnownFileType = sourcecode.swift; path = SceneDelegate.swift; sourceTree = "<group>"; };
		923CEAEB2500D9CD00BA8D37 /* ViewController.swift */ = {isa = PBXFileReference; lastKnownFileType = sourcecode.swift; path = ViewController.swift; sourceTree = "<group>"; };
		923CEAEE2500D9CD00BA8D37 /* Base */ = {isa = PBXFileReference; lastKnownFileType = file.storyboard; name = Base; path = Base.lproj/Main.storyboard; sourceTree = "<group>"; };
		923CEAF02500D9CF00BA8D37 /* Assets.xcassets */ = {isa = PBXFileReference; lastKnownFileType = folder.assetcatalog; path = Assets.xcassets; sourceTree = "<group>"; };
		923CEAF32500D9CF00BA8D37 /* Base */ = {isa = PBXFileReference; lastKnownFileType = file.storyboard; name = Base; path = Base.lproj/LaunchScreen.storyboard; sourceTree = "<group>"; };
		923CEAF52500D9CF00BA8D37 /* Info.plist */ = {isa = PBXFileReference; lastKnownFileType = text.plist.xml; path = Info.plist; sourceTree = "<group>"; };
		923CEB002500DDE900BA8D37 /* seafood-Bridging-Header.h */ = {isa = PBXFileReference; lastKnownFileType = sourcecode.c.h; path = "seafood-Bridging-Header.h"; sourceTree = "<group>"; };
		923CEB012500DDEA00BA8D37 /* SWRevealViewController.h */ = {isa = PBXFileReference; fileEncoding = 4; lastKnownFileType = sourcecode.c.h; path = SWRevealViewController.h; sourceTree = "<group>"; };
		923CEB022500DDEA00BA8D37 /* SWRevealViewController.m */ = {isa = PBXFileReference; fileEncoding = 4; lastKnownFileType = sourcecode.c.objc; path = SWRevealViewController.m; sourceTree = "<group>"; };
		924EC3D32503188E00209DBD /* InfoViewController.swift */ = {isa = PBXFileReference; lastKnownFileType = sourcecode.swift; path = InfoViewController.swift; sourceTree = "<group>"; };
		924EC3D5250318A200209DBD /* ServiceCenterViewController.swift */ = {isa = PBXFileReference; lastKnownFileType = sourcecode.swift; path = ServiceCenterViewController.swift; sourceTree = "<group>"; };
		925283E425012F3600E92715 /* SideTableViewController.swift */ = {isa = PBXFileReference; lastKnownFileType = sourcecode.swift; path = SideTableViewController.swift; sourceTree = "<group>"; };
/* End PBXFileReference section */

/* Begin PBXFrameworksBuildPhase section */
		923CEAE12500D9CD00BA8D37 /* Frameworks */ = {
			isa = PBXFrameworksBuildPhase;
			buildActionMask = 2147483647;
			files = (
			);
			runOnlyForDeploymentPostprocessing = 0;
		};
/* End PBXFrameworksBuildPhase section */

/* Begin PBXGroup section */
		923CEADB2500D9CD00BA8D37 = {
			isa = PBXGroup;
			children = (
				923CEAE62500D9CD00BA8D37 /* seafood */,
				923CEAE52500D9CD00BA8D37 /* Products */,
			);
			sourceTree = "<group>";
		};
		923CEAE52500D9CD00BA8D37 /* Products */ = {
			isa = PBXGroup;
			children = (
				923CEAE42500D9CD00BA8D37 /* seafood.app */,
			);
			name = Products;
			sourceTree = "<group>";
		};
		923CEAE62500D9CD00BA8D37 /* seafood */ = {
			isa = PBXGroup;
			children = (
				923CEAFD2500DC8000BA8D37 /* Views */,
				923CEAFC2500DC7400BA8D37 /* Resources */,
				923CEAFB2500DBC400BA8D37 /* Controllers */,
				923CEAF52500D9CF00BA8D37 /* Info.plist */,
			);
			path = seafood;
			sourceTree = "<group>";
		};
		923CEAFB2500DBC400BA8D37 /* Controllers */ = {
			isa = PBXGroup;
			children = (
				923CEAEB2500D9CD00BA8D37 /* ViewController.swift */,
				925283E425012F3600E92715 /* SideTableViewController.swift */,
				9227CC1D25022D4D004B04D2 /* MyPageViewController.swift */,
				9227CC1F25022D5A004B04D2 /* MyCartViewController.swift */,
				924EC3D32503188E00209DBD /* InfoViewController.swift */,
				924EC3D5250318A200209DBD /* ServiceCenterViewController.swift */,
			);
			path = Controllers;
			sourceTree = "<group>";
		};
		923CEAFC2500DC7400BA8D37 /* Resources */ = {
			isa = PBXGroup;
			children = (
				923CEAE72500D9CD00BA8D37 /* AppDelegate.swift */,
				923CEAE92500D9CD00BA8D37 /* SceneDelegate.swift */,
			);
			path = Resources;
			sourceTree = "<group>";
		};
		923CEAFD2500DC8000BA8D37 /* Views */ = {
			isa = PBXGroup;
			children = (
				923CEAFF2500DDC000BA8D37 /* SWRevealViewController */,
				923CEAFE2500DCE800BA8D37 /* Storyboards */,
				923CEAF02500D9CF00BA8D37 /* Assets.xcassets */,
			);
			path = Views;
			sourceTree = "<group>";
		};
		923CEAFE2500DCE800BA8D37 /* Storyboards */ = {
			isa = PBXGroup;
			children = (
				923CEAED2500D9CD00BA8D37 /* Main.storyboard */,
				923CEAF22500D9CF00BA8D37 /* LaunchScreen.storyboard */,
			);
			path = Storyboards;
			sourceTree = "<group>";
		};
		923CEAFF2500DDC000BA8D37 /* SWRevealViewController */ = {
			isa = PBXGroup;
			children = (
				923CEB012500DDEA00BA8D37 /* SWRevealViewController.h */,
				923CEB022500DDEA00BA8D37 /* SWRevealViewController.m */,
				923CEB002500DDE900BA8D37 /* seafood-Bridging-Header.h */,
			);
			path = SWRevealViewController;
			sourceTree = "<group>";
		};
/* End PBXGroup section */

/* Begin PBXNativeTarget section */
		923CEAE32500D9CD00BA8D37 /* seafood */ = {
			isa = PBXNativeTarget;
			buildConfigurationList = 923CEAF82500D9CF00BA8D37 /* Build configuration list for PBXNativeTarget "seafood" */;
			buildPhases = (
				923CEAE02500D9CD00BA8D37 /* Sources */,
				923CEAE12500D9CD00BA8D37 /* Frameworks */,
				923CEAE22500D9CD00BA8D37 /* Resources */,
			);
			buildRules = (
			);
			dependencies = (
			);
			name = seafood;
			productName = seafood;
			productReference = 923CEAE42500D9CD00BA8D37 /* seafood.app */;
			productType = "com.apple.product-type.application";
		};
/* End PBXNativeTarget section */

/* Begin PBXProject section */
		923CEADC2500D9CD00BA8D37 /* Project object */ = {
			isa = PBXProject;
			attributes = {
				LastSwiftUpdateCheck = 1170;
				LastUpgradeCheck = 1170;
				ORGANIZATIONNAME = "김수완";
				TargetAttributes = {
					923CEAE32500D9CD00BA8D37 = {
						CreatedOnToolsVersion = 11.7;
						LastSwiftMigration = 1170;
					};
				};
			};
			buildConfigurationList = 923CEADF2500D9CD00BA8D37 /* Build configuration list for PBXProject "seafood" */;
			compatibilityVersion = "Xcode 9.3";
			developmentRegion = en;
			hasScannedForEncodings = 0;
			knownRegions = (
				en,
				Base,
			);
			mainGroup = 923CEADB2500D9CD00BA8D37;
			productRefGroup = 923CEAE52500D9CD00BA8D37 /* Products */;
			projectDirPath = "";
			projectRoot = "";
			targets = (
				923CEAE32500D9CD00BA8D37 /* seafood */,
			);
		};
/* End PBXProject section */

/* Begin PBXResourcesBuildPhase section */
		923CEAE22500D9CD00BA8D37 /* Resources */ = {
			isa = PBXResourcesBuildPhase;
			buildActionMask = 2147483647;
			files = (
				923CEAF42500D9CF00BA8D37 /* LaunchScreen.storyboard in Resources */,
				923CEAF12500D9CF00BA8D37 /* Assets.xcassets in Resources */,
				923CEAEF2500D9CD00BA8D37 /* Main.storyboard in Resources */,
			);
			runOnlyForDeploymentPostprocessing = 0;
		};
/* End PBXResourcesBuildPhase section */

/* Begin PBXSourcesBuildPhase section */
		923CEAE02500D9CD00BA8D37 /* Sources */ = {
			isa = PBXSourcesBuildPhase;
			buildActionMask = 2147483647;
			files = (
				923CEAEC2500D9CD00BA8D37 /* ViewController.swift in Sources */,
				9227CC1E25022D4D004B04D2 /* MyPageViewController.swift in Sources */,
				923CEAE82500D9CD00BA8D37 /* AppDelegate.swift in Sources */,
				925283E525012F3600E92715 /* SideTableViewController.swift in Sources */,
				924EC3D6250318A200209DBD /* ServiceCenterViewController.swift in Sources */,
				923CEAEA2500D9CD00BA8D37 /* SceneDelegate.swift in Sources */,
				9227CC2025022D5A004B04D2 /* MyCartViewController.swift in Sources */,
				924EC3D42503188E00209DBD /* InfoViewController.swift in Sources */,
				923CEB032500DDEA00BA8D37 /* SWRevealViewController.m in Sources */,
			);
			runOnlyForDeploymentPostprocessing = 0;
		};
/* End PBXSourcesBuildPhase section */

/* Begin PBXVariantGroup section */
		923CEAED2500D9CD00BA8D37 /* Main.storyboard */ = {
			isa = PBXVariantGroup;
			children = (
				923CEAEE2500D9CD00BA8D37 /* Base */,
			);
			name = Main.storyboard;
			sourceTree = "<group>";
		};
		923CEAF22500D9CF00BA8D37 /* LaunchScreen.storyboard */ = {
			isa = PBXVariantGroup;
			children = (
				923CEAF32500D9CF00BA8D37 /* Base */,
			);
			name = LaunchScreen.storyboard;
			sourceTree = "<group>";
		};
/* End PBXVariantGroup section */

/* Begin XCBuildConfiguration section */
		923CEAF62500D9CF00BA8D37 /* Debug */ = {
			isa = XCBuildConfiguration;
			buildSettings = {
				ALWAYS_SEARCH_USER_PATHS = NO;
				CLANG_ANALYZER_NONNULL = YES;
				CLANG_ANALYZER_NUMBER_OBJECT_CONVERSION = YES_AGGRESSIVE;
				CLANG_CXX_LANGUAGE_STANDARD = "gnu++14";
				CLANG_CXX_LIBRARY = "libc++";
				CLANG_ENABLE_MODULES = YES;
				CLANG_ENABLE_OBJC_ARC = YES;
				CLANG_ENABLE_OBJC_WEAK = YES;
				CLANG_WARN_BLOCK_CAPTURE_AUTORELEASING = YES;
				CLANG_WARN_BOOL_CONVERSION = YES;
				CLANG_WARN_COMMA = YES;
				CLANG_WARN_CONSTANT_CONVERSION = YES;
				CLANG_WARN_DEPRECATED_OBJC_IMPLEMENTATIONS = YES;
				CLANG_WARN_DIRECT_OBJC_ISA_USAGE = YES_ERROR;
				CLANG_WARN_DOCUMENTATION_COMMENTS = YES;
				CLANG_WARN_EMPTY_BODY = YES;
				CLANG_WARN_ENUM_CONVERSION = YES;
				CLANG_WARN_INFINITE_RECURSION = YES;
				CLANG_WARN_INT_CONVERSION = YES;
				CLANG_WARN_NON_LITERAL_NULL_CONVERSION = YES;
				CLANG_WARN_OBJC_IMPLICIT_RETAIN_SELF = YES;
				CLANG_WARN_OBJC_LITERAL_CONVERSION = YES;
				CLANG_WARN_OBJC_ROOT_CLASS = YES_ERROR;
				CLANG_WARN_RANGE_LOOP_ANALYSIS = YES;
				CLANG_WARN_STRICT_PROTOTYPES = YES;
				CLANG_WARN_SUSPICIOUS_MOVE = YES;
				CLANG_WARN_UNGUARDED_AVAILABILITY = YES_AGGRESSIVE;
				CLANG_WARN_UNREACHABLE_CODE = YES;
				CLANG_WARN__DUPLICATE_METHOD_MATCH = YES;
				COPY_PHASE_STRIP = NO;
				DEBUG_INFORMATION_FORMAT = dwarf;
				ENABLE_STRICT_OBJC_MSGSEND = YES;
				ENABLE_TESTABILITY = YES;
				GCC_C_LANGUAGE_STANDARD = gnu11;
				GCC_DYNAMIC_NO_PIC = NO;
				GCC_NO_COMMON_BLOCKS = YES;
				GCC_OPTIMIZATION_LEVEL = 0;
				GCC_PREPROCESSOR_DEFINITIONS = (
					"DEBUG=1",
					"$(inherited)",
				);
				GCC_WARN_64_TO_32_BIT_CONVERSION = YES;
				GCC_WARN_ABOUT_RETURN_TYPE = YES_ERROR;
				GCC_WARN_UNDECLARED_SELECTOR = YES;
				GCC_WARN_UNINITIALIZED_AUTOS = YES_AGGRESSIVE;
				GCC_WARN_UNUSED_FUNCTION = YES;
				GCC_WARN_UNUSED_VARIABLE = YES;
				IPHONEOS_DEPLOYMENT_TARGET = 13.7;
				MTL_ENABLE_DEBUG_INFO = INCLUDE_SOURCE;
				MTL_FAST_MATH = YES;
				ONLY_ACTIVE_ARCH = YES;
				SDKROOT = iphoneos;
				SWIFT_ACTIVE_COMPILATION_CONDITIONS = DEBUG;
				SWIFT_OPTIMIZATION_LEVEL = "-Onone";
			};
			name = Debug;
		};
		923CEAF72500D9CF00BA8D37 /* Release */ = {
			isa = XCBuildConfiguration;
			buildSettings = {
				ALWAYS_SEARCH_USER_PATHS = NO;
				CLANG_ANALYZER_NONNULL = YES;
				CLANG_ANALYZER_NUMBER_OBJECT_CONVERSION = YES_AGGRESSIVE;
				CLANG_CXX_LANGUAGE_STANDARD = "gnu++14";
				CLANG_CXX_LIBRARY = "libc++";
				CLANG_ENABLE_MODULES = YES;
				CLANG_ENABLE_OBJC_ARC = YES;
				CLANG_ENABLE_OBJC_WEAK = YES;
				CLANG_WARN_BLOCK_CAPTURE_AUTORELEASING = YES;
				CLANG_WARN_BOOL_CONVERSION = YES;
				CLANG_WARN_COMMA = YES;
				CLANG_WARN_CONSTANT_CONVERSION = YES;
				CLANG_WARN_DEPRECATED_OBJC_IMPLEMENTATIONS = YES;
				CLANG_WARN_DIRECT_OBJC_ISA_USAGE = YES_ERROR;
				CLANG_WARN_DOCUMENTATION_COMMENTS = YES;
				CLANG_WARN_EMPTY_BODY = YES;
				CLANG_WARN_ENUM_CONVERSION = YES;
				CLANG_WARN_INFINITE_RECURSION = YES;
				CLANG_WARN_INT_CONVERSION = YES;
				CLANG_WARN_NON_LITERAL_NULL_CONVERSION = YES;
				CLANG_WARN_OBJC_IMPLICIT_RETAIN_SELF = YES;
				CLANG_WARN_OBJC_LITERAL_CONVERSION = YES;
				CLANG_WARN_OBJC_ROOT_CLASS = YES_ERROR;
				CLANG_WARN_RANGE_LOOP_ANALYSIS = YES;
				CLANG_WARN_STRICT_PROTOTYPES = YES;
				CLANG_WARN_SUSPICIOUS_MOVE = YES;
				CLANG_WARN_UNGUARDED_AVAILABILITY = YES_AGGRESSIVE;
				CLANG_WARN_UNREACHABLE_CODE = YES;
				CLANG_WARN__DUPLICATE_METHOD_MATCH = YES;
				COPY_PHASE_STRIP = NO;
				DEBUG_INFORMATION_FORMAT = "dwarf-with-dsym";
				ENABLE_NS_ASSERTIONS = NO;
				ENABLE_STRICT_OBJC_MSGSEND = YES;
				GCC_C_LANGUAGE_STANDARD = gnu11;
				GCC_NO_COMMON_BLOCKS = YES;
				GCC_WARN_64_TO_32_BIT_CONVERSION = YES;
				GCC_WARN_ABOUT_RETURN_TYPE = YES_ERROR;
				GCC_WARN_UNDECLARED_SELECTOR = YES;
				GCC_WARN_UNINITIALIZED_AUTOS = YES_AGGRESSIVE;
				GCC_WARN_UNUSED_FUNCTION = YES;
				GCC_WARN_UNUSED_VARIABLE = YES;
				IPHONEOS_DEPLOYMENT_TARGET = 13.7;
				MTL_ENABLE_DEBUG_INFO = NO;
				MTL_FAST_MATH = YES;
				SDKROOT = iphoneos;
				SWIFT_COMPILATION_MODE = wholemodule;
				SWIFT_OPTIMIZATION_LEVEL = "-O";
				VALIDATE_PRODUCT = YES;
			};
			name = Release;
		};
		923CEAF92500D9CF00BA8D37 /* Debug */ = {
			isa = XCBuildConfiguration;
			buildSettings = {
				ASSETCATALOG_COMPILER_APPICON_NAME = AppIcon;
				CLANG_ENABLE_MODULES = YES;
				CODE_SIGN_STYLE = Automatic;
				DEVELOPMENT_TEAM = P5QSBGBP3C;
				INFOPLIST_FILE = seafood/Info.plist;
				LD_RUNPATH_SEARCH_PATHS = (
					"$(inherited)",
					"@executable_path/Frameworks",
				);
				PRODUCT_BUNDLE_IDENTIFIER = com.kimxwan.seafood;
				PRODUCT_NAME = "$(TARGET_NAME)";
				SWIFT_OBJC_BRIDGING_HEADER = "seafood/Views/SWRevealViewController/seafood-Bridging-Header.h";
				SWIFT_OPTIMIZATION_LEVEL = "-Onone";
				SWIFT_VERSION = 5.0;
				TARGETED_DEVICE_FAMILY = "1,2";
			};
			name = Debug;
		};
		923CEAFA2500D9CF00BA8D37 /* Release */ = {
			isa = XCBuildConfiguration;
			buildSettings = {
				ASSETCATALOG_COMPILER_APPICON_NAME = AppIcon;
				CLANG_ENABLE_MODULES = YES;
				CODE_SIGN_STYLE = Automatic;
				DEVELOPMENT_TEAM = P5QSBGBP3C;
				INFOPLIST_FILE = seafood/Info.plist;
				LD_RUNPATH_SEARCH_PATHS = (
					"$(inherited)",
					"@executable_path/Frameworks",
				);
				PRODUCT_BUNDLE_IDENTIFIER = com.kimxwan.seafood;
				PRODUCT_NAME = "$(TARGET_NAME)";
				SWIFT_OBJC_BRIDGING_HEADER = "seafood/Views/SWRevealViewController/seafood-Bridging-Header.h";
				SWIFT_VERSION = 5.0;
				TARGETED_DEVICE_FAMILY = "1,2";
			};
			name = Release;
		};
/* End XCBuildConfiguration section */

/* Begin XCConfigurationList section */
		923CEADF2500D9CD00BA8D37 /* Build configuration list for PBXProject "seafood" */ = {
			isa = XCConfigurationList;
			buildConfigurations = (
				923CEAF62500D9CF00BA8D37 /* Debug */,
				923CEAF72500D9CF00BA8D37 /* Release */,
			);
			defaultConfigurationIsVisible = 0;
			defaultConfigurationName = Release;
		};
		923CEAF82500D9CF00BA8D37 /* Build configuration list for PBXNativeTarget "seafood" */ = {
			isa = XCConfigurationList;
			buildConfigurations = (
				923CEAF92500D9CF00BA8D37 /* Debug */,
				923CEAFA2500D9CF00BA8D37 /* Release */,
			);
			defaultConfigurationIsVisible = 0;
			defaultConfigurationName = Release;
		};
/* End XCConfigurationList section */
	};
	rootObject = 923CEADC2500D9CD00BA8D37 /* Project object */;
}
